github.com/TheBitDrifter/mask v0.0.0-20241104155312-4f45ba16da30 h1:kqG1pnKW800wMDorW0WR0JzNlpu4LW9fRsGKvX4+W6k=
github.com/TheBitDrifter/mask v0.0.0-20241104155312-4f45ba16da30/go.mod h1:2Gumixx/FRZwxlwMNCpSr38UTbS5gUSSGdntrSmivGk=
github.com/TheBitDrifter/mask v0.0.0-20241104160006-d17f4de74b8e h1:xx4mgcYyuVojVAVrx/kgZYUrx3QrjOPO2zOCUQnHQ/M=
github.com/TheBitDrifter/mask v0.0.0-20241104160006-d17f4de74b8e/go.mod h1:2Gumixx/FRZwxlwMNCpSr38UTbS5gUSSGdntrSmivGk=
github.com/TheBitDrifter/util v0.0.0-20241102212109-342f4c0a810e h1:GichypQhTVgS3J1TpSs2nuij+L2EtxBSv70vjk03KAg=
github.com/TheBitDrifter/util v0.0.0-20241102212109-342f4c0a810e/go.mod h1:k3LfyqK/t6Tm1vP1jqGvmIgc05BTEI6rbOEhkXS1uH4=
